
Microsoft Visual Studio Solution File, Format Version 12.00
# Visual Studio 15
VisualStudioVersion = 15.0.26124.0
MinimumVisualStudioVersion = 15.0.26124.0
Project("{FAE04EC0-301F-11D3-BF4B-00C04F79EFBC}") = "Domain", "Domain\Domain.csproj", "{6B963357-214E-444E-80D6-FE62EB36C3CD}"
EndProject
Project("{FAE04EC0-301F-11D3-BF4B-00C04F79EFBC}") = "Application", "Application\Application.csproj", "{F2ED712E-9546-483B-85FA-F472A2DA849B}"
EndProject
Project("{FAE04EC0-301F-11D3-BF4B-00C04F79EFBC}") = "Persistance", "Persistance\Persistance.csproj", "{476ACBE0-9656-4149-9F30-89C2C88FF9EA}"
EndProject
Project("{FAE04EC0-301F-11D3-BF4B-00C04F79EFBC}") = "API", "API\API.csproj", "{07EB51FF-FCA4-440A-8F8A-0C906BE4602C}"
EndProject
Global
	GlobalSection(SolutionConfigurationPlatforms) = preSolution
		Debug|Any CPU = Debug|Any CPU
		Debug|x64 = Debug|x64
		Debug|x86 = Debug|x86
		Release|Any CPU = Release|Any CPU
		Release|x64 = Release|x64
		Release|x86 = Release|x86
	EndGlobalSection
	GlobalSection(SolutionProperties) = preSolution
		HideSolutionNode = FALSE
	EndGlobalSection
	GlobalSection(ProjectConfigurationPlatforms) = postSolution
		{6B963357-214E-444E-80D6-FE62EB36C3CD}.Debug|Any CPU.ActiveCfg = Debug|Any CPU
		{6B963357-214E-444E-80D6-FE62EB36C3CD}.Debug|Any CPU.Build.0 = Debug|Any CPU
		{6B963357-214E-444E-80D6-FE62EB36C3CD}.Debug|x64.ActiveCfg = Debug|Any CPU
		{6B963357-214E-444E-80D6-FE62EB36C3CD}.Debug|x64.Build.0 = Debug|Any CPU
		{6B963357-214E-444E-80D6-FE62EB36C3CD}.Debug|x86.ActiveCfg = Debug|Any CPU
		{6B963357-214E-444E-80D6-FE62EB36C3CD}.Debug|x86.Build.0 = Debug|Any CPU
		{6B963357-214E-444E-80D6-FE62EB36C3CD}.Release|Any CPU.ActiveCfg = Release|Any CPU
		{6B963357-214E-444E-80D6-FE62EB36C3CD}.Release|Any CPU.Build.0 = Release|Any CPU
		{6B963357-214E-444E-80D6-FE62EB36C3CD}.Release|x64.ActiveCfg = Release|Any CPU
		{6B963357-214E-444E-80D6-FE62EB36C3CD}.Release|x64.Build.0 = Release|Any CPU
		{6B963357-214E-444E-80D6-FE62EB36C3CD}.Release|x86.ActiveCfg = Release|Any CPU
		{6B963357-214E-444E-80D6-FE62EB36C3CD}.Release|x86.Build.0 = Release|Any CPU
		{F2ED712E-9546-483B-85FA-F472A2DA849B}.Debug|Any CPU.ActiveCfg = Debug|Any CPU
		{F2ED712E-9546-483B-85FA-F472A2DA849B}.Debug|Any CPU.Build.0 = Debug|Any CPU
		{F2ED712E-9546-483B-85FA-F472A2DA849B}.Debug|x64.ActiveCfg = Debug|Any CPU
		{F2ED712E-9546-483B-85FA-F472A2DA849B}.Debug|x64.Build.0 = Debug|Any CPU
		{F2ED712E-9546-483B-85FA-F472A2DA849B}.Debug|x86.ActiveCfg = Debug|Any CPU
		{F2ED712E-9546-483B-85FA-F472A2DA849B}.Debug|x86.Build.0 = Debug|Any CPU
		{F2ED712E-9546-483B-85FA-F472A2DA849B}.Release|Any CPU.ActiveCfg = Release|Any CPU
		{F2ED712E-9546-483B-85FA-F472A2DA849B}.Release|Any CPU.Build.0 = Release|Any CPU
		{F2ED712E-9546-483B-85FA-F472A2DA849B}.Release|x64.ActiveCfg = Release|Any CPU
		{F2ED712E-9546-483B-85FA-F472A2DA849B}.Release|x64.Build.0 = Release|Any CPU
		{F2ED712E-9546-483B-85FA-F472A2DA849B}.Release|x86.ActiveCfg = Release|Any CPU
		{F2ED712E-9546-483B-85FA-F472A2DA849B}.Release|x86.Build.0 = Release|Any CPU
		{476ACBE0-9656-4149-9F30-89C2C88FF9EA}.Debug|Any CPU.ActiveCfg = Debug|Any CPU
		{476ACBE0-9656-4149-9F30-89C2C88FF9EA}.Debug|Any CPU.Build.0 = Debug|Any CPU
		{476ACBE0-9656-4149-9F30-89C2C88FF9EA}.Debug|x64.ActiveCfg = Debug|Any CPU
		{476ACBE0-9656-4149-9F30-89C2C88FF9EA}.Debug|x64.Build.0 = Debug|Any CPU
		{476ACBE0-9656-4149-9F30-89C2C88FF9EA}.Debug|x86.ActiveCfg = Debug|Any CPU
		{476ACBE0-9656-4149-9F30-89C2C88FF9EA}.Debug|x86.Build.0 = Debug|Any CPU
		{476ACBE0-9656-4149-9F30-89C2C88FF9EA}.Release|Any CPU.ActiveCfg = Release|Any CPU
		{476ACBE0-9656-4149-9F30-89C2C88FF9EA}.Release|Any CPU.Build.0 = Release|Any CPU
		{476ACBE0-9656-4149-9F30-89C2C88FF9EA}.Release|x64.ActiveCfg = Release|Any CPU
		{476ACBE0-9656-4149-9F30-89C2C88FF9EA}.Release|x64.Build.0 = Release|Any CPU
		{476ACBE0-9656-4149-9F30-89C2C88FF9EA}.Release|x86.ActiveCfg = Release|Any CPU
		{476ACBE0-9656-4149-9F30-89C2C88FF9EA}.Release|x86.Build.0 = Release|Any CPU
		{07EB51FF-FCA4-440A-8F8A-0C906BE4602C}.Debug|Any CPU.ActiveCfg = Debug|Any CPU
		{07EB51FF-FCA4-440A-8F8A-0C906BE4602C}.Debug|Any CPU.Build.0 = Debug|Any CPU
		{07EB51FF-FCA4-440A-8F8A-0C906BE4602C}.Debug|x64.ActiveCfg = Debug|Any CPU
		{07EB51FF-FCA4-440A-8F8A-0C906BE4602C}.Debug|x64.Build.0 = Debug|Any CPU
		{07EB51FF-FCA4-440A-8F8A-0C906BE4602C}.Debug|x86.ActiveCfg = Debug|Any CPU
		{07EB51FF-FCA4-440A-8F8A-0C906BE4602C}.Debug|x86.Build.0 = Debug|Any CPU
		{07EB51FF-FCA4-440A-8F8A-0C906BE4602C}.Release|Any CPU.ActiveCfg = Release|Any CPU
		{07EB51FF-FCA4-440A-8F8A-0C906BE4602C}.Release|Any CPU.Build.0 = Release|Any CPU
		{07EB51FF-FCA4-440A-8F8A-0C906BE4602C}.Release|x64.ActiveCfg = Release|Any CPU
		{07EB51FF-FCA4-440A-8F8A-0C906BE4602C}.Release|x64.Build.0 = Release|Any CPU
		{07EB51FF-FCA4-440A-8F8A-0C906BE4602C}.Release|x86.ActiveCfg = Release|Any CPU
		{07EB51FF-FCA4-440A-8F8A-0C906BE4602C}.Release|x86.Build.0 = Release|Any CPU
	EndGlobalSection
EndGlobal
